// !$*UTF8*$!
{
	archiveVersion = 1;
	classes = {
	};
	objectVersion = 56;
	objects = {

/* Begin PBXBuildFile section */
		0406E42E2BB17B8F00E27BE3 /* AppDelegate.swift in Sources */ = {isa = PBXBuildFile; fileRef = 0406E42D2BB17B8F00E27BE3 /* AppDelegate.swift */; };
		0406E4302BB17B8F00E27BE3 /* SceneDelegate.swift in Sources */ = {isa = PBXBuildFile; fileRef = 0406E42F2BB17B8F00E27BE3 /* SceneDelegate.swift */; };
		0406E4352BB17B8F00E27BE3 /* Main.storyboard in Resources */ = {isa = PBXBuildFile; fileRef = 0406E4332BB17B8F00E27BE3 /* Main.storyboard */; };
		0406E4382BB17B8F00E27BE3 /* Instagram.xcdatamodeld in Sources */ = {isa = PBXBuildFile; fileRef = 0406E4362BB17B8F00E27BE3 /* Instagram.xcdatamodeld */; };
		0406E43A2BB17B9100E27BE3 /* Assets.xcassets in Resources */ = {isa = PBXBuildFile; fileRef = 0406E4392BB17B9100E27BE3 /* Assets.xcassets */; };
		0406E43D2BB17B9100E27BE3 /* LaunchScreen.storyboard in Resources */ = {isa = PBXBuildFile; fileRef = 0406E43B2BB17B9100E27BE3 /* LaunchScreen.storyboard */; };
		0406E44A2BB17D1700E27BE3 /* HomeViewController.swift in Sources */ = {isa = PBXBuildFile; fileRef = 0406E4492BB17D1700E27BE3 /* HomeViewController.swift */; };
		0406E44C2BB17D3900E27BE3 /* ExploreViewController.swift in Sources */ = {isa = PBXBuildFile; fileRef = 0406E44B2BB17D3900E27BE3 /* ExploreViewController.swift */; };
		0406E44E2BB17D4300E27BE3 /* CameraViewController.swift in Sources */ = {isa = PBXBuildFile; fileRef = 0406E44D2BB17D4300E27BE3 /* CameraViewController.swift */; };
		0406E4502BB17D5200E27BE3 /* NotificationsViewController.swift in Sources */ = {isa = PBXBuildFile; fileRef = 0406E44F2BB17D5200E27BE3 /* NotificationsViewController.swift */; };
		0406E4522BB17D5F00E27BE3 /* ProfileViewController.swift in Sources */ = {isa = PBXBuildFile; fileRef = 0406E4512BB17D5F00E27BE3 /* ProfileViewController.swift */; };
		0406E4582BB17DF200E27BE3 /* LoginViewController.swift in Sources */ = {isa = PBXBuildFile; fileRef = 0406E4572BB17DF200E27BE3 /* LoginViewController.swift */; };
		0406E45A2BB17E0700E27BE3 /* RegistrationViewController.swift in Sources */ = {isa = PBXBuildFile; fileRef = 0406E4592BB17E0700E27BE3 /* RegistrationViewController.swift */; };
		0406E45C2BB17E1F00E27BE3 /* PostViewController.swift in Sources */ = {isa = PBXBuildFile; fileRef = 0406E45B2BB17E1F00E27BE3 /* PostViewController.swift */; };
		0406E45E2BB17E2A00E27BE3 /* EditProfileViewController.swift in Sources */ = {isa = PBXBuildFile; fileRef = 0406E45D2BB17E2A00E27BE3 /* EditProfileViewController.swift */; };
		0406E4602BB17E3400E27BE3 /* SettingsViewController.swift in Sources */ = {isa = PBXBuildFile; fileRef = 0406E45F2BB17E3400E27BE3 /* SettingsViewController.swift */; };
		0406E4622BB17E4600E27BE3 /* ListViewController.swift in Sources */ = {isa = PBXBuildFile; fileRef = 0406E4612BB17E4600E27BE3 /* ListViewController.swift */; };
		0406E4642BB17E5C00E27BE3 /* SearchViewController.swift in Sources */ = {isa = PBXBuildFile; fileRef = 0406E4632BB17E5C00E27BE3 /* SearchViewController.swift */; };
		0406E4662BB17E6900E27BE3 /* SearchResultViewController.swift in Sources */ = {isa = PBXBuildFile; fileRef = 0406E4652BB17E6900E27BE3 /* SearchResultViewController.swift */; };
		0406E4682BB17ECA00E27BE3 /* PostEditorViewController.swift in Sources */ = {isa = PBXBuildFile; fileRef = 0406E4672BB17ECA00E27BE3 /* PostEditorViewController.swift */; };
		0406E46A2BB17EDE00E27BE3 /* PublishPostViewController.swift in Sources */ = {isa = PBXBuildFile; fileRef = 0406E4692BB17EDE00E27BE3 /* PublishPostViewController.swift */; };
/* End PBXBuildFile section */

/* Begin PBXFileReference section */
		0406E42A2BB17B8F00E27BE3 /* Instagram.app */ = {isa = PBXFileReference; explicitFileType = wrapper.application; includeInIndex = 0; path = Instagram.app; sourceTree = BUILT_PRODUCTS_DIR; };
		0406E42D2BB17B8F00E27BE3 /* AppDelegate.swift */ = {isa = PBXFileReference; lastKnownFileType = sourcecode.swift; path = AppDelegate.swift; sourceTree = "<group>"; };
		0406E42F2BB17B8F00E27BE3 /* SceneDelegate.swift */ = {isa = PBXFileReference; lastKnownFileType = sourcecode.swift; path = SceneDelegate.swift; sourceTree = "<group>"; };
		0406E4342BB17B8F00E27BE3 /* Base */ = {isa = PBXFileReference; lastKnownFileType = file.storyboard; name = Base; path = Base.lproj/Main.storyboard; sourceTree = "<group>"; };
		0406E4372BB17B8F00E27BE3 /* Instagram.xcdatamodel */ = {isa = PBXFileReference; lastKnownFileType = wrapper.xcdatamodel; path = Instagram.xcdatamodel; sourceTree = "<group>"; };
		0406E4392BB17B9100E27BE3 /* Assets.xcassets */ = {isa = PBXFileReference; lastKnownFileType = folder.assetcatalog; path = Assets.xcassets; sourceTree = "<group>"; };
		0406E43C2BB17B9100E27BE3 /* Base */ = {isa = PBXFileReference; lastKnownFileType = file.storyboard; name = Base; path = Base.lproj/LaunchScreen.storyboard; sourceTree = "<group>"; };
		0406E43E2BB17B9100E27BE3 /* Info.plist */ = {isa = PBXFileReference; lastKnownFileType = text.plist.xml; path = Info.plist; sourceTree = "<group>"; };
		0406E4492BB17D1700E27BE3 /* HomeViewController.swift */ = {isa = PBXFileReference; lastKnownFileType = sourcecode.swift; path = HomeViewController.swift; sourceTree = "<group>"; };
		0406E44B2BB17D3900E27BE3 /* ExploreViewController.swift */ = {isa = PBXFileReference; lastKnownFileType = sourcecode.swift; path = ExploreViewController.swift; sourceTree = "<group>"; };
		0406E44D2BB17D4300E27BE3 /* CameraViewController.swift */ = {isa = PBXFileReference; lastKnownFileType = sourcecode.swift; path = CameraViewController.swift; sourceTree = "<group>"; };
		0406E44F2BB17D5200E27BE3 /* NotificationsViewController.swift */ = {isa = PBXFileReference; lastKnownFileType = sourcecode.swift; path = NotificationsViewController.swift; sourceTree = "<group>"; };
		0406E4512BB17D5F00E27BE3 /* ProfileViewController.swift */ = {isa = PBXFileReference; lastKnownFileType = sourcecode.swift; path = ProfileViewController.swift; sourceTree = "<group>"; };
		0406E4572BB17DF200E27BE3 /* LoginViewController.swift */ = {isa = PBXFileReference; lastKnownFileType = sourcecode.swift; path = LoginViewController.swift; sourceTree = "<group>"; };
		0406E4592BB17E0700E27BE3 /* RegistrationViewController.swift */ = {isa = PBXFileReference; lastKnownFileType = sourcecode.swift; path = RegistrationViewController.swift; sourceTree = "<group>"; };
		0406E45B2BB17E1F00E27BE3 /* PostViewController.swift */ = {isa = PBXFileReference; lastKnownFileType = sourcecode.swift; path = PostViewController.swift; sourceTree = "<group>"; };
		0406E45D2BB17E2A00E27BE3 /* EditProfileViewController.swift */ = {isa = PBXFileReference; lastKnownFileType = sourcecode.swift; path = EditProfileViewController.swift; sourceTree = "<group>"; };
		0406E45F2BB17E3400E27BE3 /* SettingsViewController.swift */ = {isa = PBXFileReference; lastKnownFileType = sourcecode.swift; path = SettingsViewController.swift; sourceTree = "<group>"; };
		0406E4612BB17E4600E27BE3 /* ListViewController.swift */ = {isa = PBXFileReference; lastKnownFileType = sourcecode.swift; path = ListViewController.swift; sourceTree = "<group>"; };
		0406E4632BB17E5C00E27BE3 /* SearchViewController.swift */ = {isa = PBXFileReference; lastKnownFileType = sourcecode.swift; path = SearchViewController.swift; sourceTree = "<group>"; };
		0406E4652BB17E6900E27BE3 /* SearchResultViewController.swift */ = {isa = PBXFileReference; lastKnownFileType = sourcecode.swift; path = SearchResultViewController.swift; sourceTree = "<group>"; };
		0406E4672BB17ECA00E27BE3 /* PostEditorViewController.swift */ = {isa = PBXFileReference; lastKnownFileType = sourcecode.swift; path = PostEditorViewController.swift; sourceTree = "<group>"; };
		0406E4692BB17EDE00E27BE3 /* PublishPostViewController.swift */ = {isa = PBXFileReference; lastKnownFileType = sourcecode.swift; path = PublishPostViewController.swift; sourceTree = "<group>"; };
/* End PBXFileReference section */

/* Begin PBXFrameworksBuildPhase section */
		0406E4272BB17B8F00E27BE3 /* Frameworks */ = {
			isa = PBXFrameworksBuildPhase;
			buildActionMask = 2147483647;
			files = (
			);
			runOnlyForDeploymentPostprocessing = 0;
		};
/* End PBXFrameworksBuildPhase section */

/* Begin PBXGroup section */
		0406E4212BB17B8F00E27BE3 = {
			isa = PBXGroup;
			children = (
				0406E42C2BB17B8F00E27BE3 /* Instagram */,
				0406E42B2BB17B8F00E27BE3 /* Products */,
			);
			sourceTree = "<group>";
		};
		0406E42B2BB17B8F00E27BE3 /* Products */ = {
			isa = PBXGroup;
			children = (
				0406E42A2BB17B8F00E27BE3 /* Instagram.app */,
			);
			name = Products;
			sourceTree = "<group>";
		};
		0406E42C2BB17B8F00E27BE3 /* Instagram */ = {
			isa = PBXGroup;
			children = (
				0406E42D2BB17B8F00E27BE3 /* AppDelegate.swift */,
				0406E42F2BB17B8F00E27BE3 /* SceneDelegate.swift */,
				0406E4472BB17CD900E27BE3 /* Resources */,
				0406E4462BB17CD200E27BE3 /* Models */,
				0406E4452BB17CC400E27BE3 /* Views */,
				0406E4442BB17CBD00E27BE3 /* Controllers */,
				0406E43E2BB17B9100E27BE3 /* Info.plist */,
				0406E4362BB17B8F00E27BE3 /* Instagram.xcdatamodeld */,
			);
			path = Instagram;
			sourceTree = "<group>";
		};
		0406E4442BB17CBD00E27BE3 /* Controllers */ = {
			isa = PBXGroup;
			children = (
				0406E4542BB17D8E00E27BE3 /* Storyboard */,
				0406E4552BB17DC900E27BE3 /* Other */,
				0406E4532BB17D6500E27BE3 /* CoreTabs */,
			);
			path = Controllers;
			sourceTree = "<group>";
		};
		0406E4452BB17CC400E27BE3 /* Views */ = {
			isa = PBXGroup;
			children = (
			);
			path = Views;
			sourceTree = "<group>";
		};
		0406E4462BB17CD200E27BE3 /* Models */ = {
			isa = PBXGroup;
			children = (
			);
			path = Models;
			sourceTree = "<group>";
		};
		0406E4472BB17CD900E27BE3 /* Resources */ = {
			isa = PBXGroup;
			children = (
				0406E4392BB17B9100E27BE3 /* Assets.xcassets */,
			);
			path = Resources;
			sourceTree = "<group>";
		};
		0406E4532BB17D6500E27BE3 /* CoreTabs */ = {
			isa = PBXGroup;
			children = (
				0406E4492BB17D1700E27BE3 /* HomeViewController.swift */,
				0406E44B2BB17D3900E27BE3 /* ExploreViewController.swift */,
				0406E44D2BB17D4300E27BE3 /* CameraViewController.swift */,
				0406E44F2BB17D5200E27BE3 /* NotificationsViewController.swift */,
				0406E4512BB17D5F00E27BE3 /* ProfileViewController.swift */,
			);
			path = CoreTabs;
			sourceTree = "<group>";
		};
		0406E4542BB17D8E00E27BE3 /* Storyboard */ = {
			isa = PBXGroup;
			children = (
				0406E4332BB17B8F00E27BE3 /* Main.storyboard */,
				0406E43B2BB17B9100E27BE3 /* LaunchScreen.storyboard */,
			);
			path = Storyboard;
			sourceTree = "<group>";
		};
		0406E4552BB17DC900E27BE3 /* Other */ = {
			isa = PBXGroup;
			children = (
				0406E4562BB17DDD00E27BE3 /* Onboarding */,
				0406E45B2BB17E1F00E27BE3 /* PostViewController.swift */,
				0406E45D2BB17E2A00E27BE3 /* EditProfileViewController.swift */,
				0406E45F2BB17E3400E27BE3 /* SettingsViewController.swift */,
				0406E4612BB17E4600E27BE3 /* ListViewController.swift */,
				0406E4632BB17E5C00E27BE3 /* SearchViewController.swift */,
				0406E4652BB17E6900E27BE3 /* SearchResultViewController.swift */,
				0406E4672BB17ECA00E27BE3 /* PostEditorViewController.swift */,
				0406E4692BB17EDE00E27BE3 /* PublishPostViewController.swift */,
			);
			path = Other;
			sourceTree = "<group>";
		};
		0406E4562BB17DDD00E27BE3 /* Onboarding */ = {
			isa = PBXGroup;
			children = (
				0406E4572BB17DF200E27BE3 /* LoginViewController.swift */,
				0406E4592BB17E0700E27BE3 /* RegistrationViewController.swift */,
			);
			path = Onboarding;
			sourceTree = "<group>";
		};
/* End PBXGroup section */

/* Begin PBXNativeTarget section */
		0406E4292BB17B8F00E27BE3 /* Instagram */ = {
			isa = PBXNativeTarget;
			buildConfigurationList = 0406E4412BB17B9100E27BE3 /* Build configuration list for PBXNativeTarget "Instagram" */;
			buildPhases = (
				0406E4262BB17B8F00E27BE3 /* Sources */,
				0406E4272BB17B8F00E27BE3 /* Frameworks */,
				0406E4282BB17B8F00E27BE3 /* Resources */,
			);
			buildRules = (
			);
			dependencies = (
			);
			name = Instagram;
			productName = Instagram;
			productReference = 0406E42A2BB17B8F00E27BE3 /* Instagram.app */;
			productType = "com.apple.product-type.application";
		};
/* End PBXNativeTarget section */

/* Begin PBXProject section */
		0406E4222BB17B8F00E27BE3 /* Project object */ = {
			isa = PBXProject;
			attributes = {
				BuildIndependentTargetsInParallel = 1;
				LastSwiftUpdateCheck = 1430;
				LastUpgradeCheck = 1430;
				TargetAttributes = {
					0406E4292BB17B8F00E27BE3 = {
						CreatedOnToolsVersion = 14.3.1;
					};
				};
			};
			buildConfigurationList = 0406E4252BB17B8F00E27BE3 /* Build configuration list for PBXProject "Instagram" */;
			compatibilityVersion = "Xcode 14.0";
			developmentRegion = en;
			hasScannedForEncodings = 0;
			knownRegions = (
				en,
				Base,
			);
			mainGroup = 0406E4212BB17B8F00E27BE3;
			productRefGroup = 0406E42B2BB17B8F00E27BE3 /* Products */;
			projectDirPath = "";
			projectRoot = "";
			targets = (
				0406E4292BB17B8F00E27BE3 /* Instagram */,
			);
		};
/* End PBXProject section */

/* Begin PBXResourcesBuildPhase section */
		0406E4282BB17B8F00E27BE3 /* Resources */ = {
			isa = PBXResourcesBuildPhase;
			buildActionMask = 2147483647;
			files = (
				0406E43D2BB17B9100E27BE3 /* LaunchScreen.storyboard in Resources */,
				0406E43A2BB17B9100E27BE3 /* Assets.xcassets in Resources */,
				0406E4352BB17B8F00E27BE3 /* Main.storyboard in Resources */,
			);
			runOnlyForDeploymentPostprocessing = 0;
		};
/* End PBXResourcesBuildPhase section */

/* Begin PBXSourcesBuildPhase section */
		0406E4262BB17B8F00E27BE3 /* Sources */ = {
			isa = PBXSourcesBuildPhase;
			buildActionMask = 2147483647;
			files = (
				0406E4642BB17E5C00E27BE3 /* SearchViewController.swift in Sources */,
				0406E4582BB17DF200E27BE3 /* LoginViewController.swift in Sources */,
				0406E44A2BB17D1700E27BE3 /* HomeViewController.swift in Sources */,
				0406E4382BB17B8F00E27BE3 /* Instagram.xcdatamodeld in Sources */,
				0406E4682BB17ECA00E27BE3 /* PostEditorViewController.swift in Sources */,
				0406E44C2BB17D3900E27BE3 /* ExploreViewController.swift in Sources */,
				0406E45A2BB17E0700E27BE3 /* RegistrationViewController.swift in Sources */,
				0406E44E2BB17D4300E27BE3 /* CameraViewController.swift in Sources */,
				0406E4622BB17E4600E27BE3 /* ListViewController.swift in Sources */,
				0406E42E2BB17B8F00E27BE3 /* AppDelegate.swift in Sources */,
				0406E46A2BB17EDE00E27BE3 /* PublishPostViewController.swift in Sources */,
				0406E4522BB17D5F00E27BE3 /* ProfileViewController.swift in Sources */,
				0406E45E2BB17E2A00E27BE3 /* EditProfileViewController.swift in Sources */,
				0406E4302BB17B8F00E27BE3 /* SceneDelegate.swift in Sources */,
				0406E4602BB17E3400E27BE3 /* SettingsViewController.swift in Sources */,
				0406E4502BB17D5200E27BE3 /* NotificationsViewController.swift in Sources */,
				0406E4662BB17E6900E27BE3 /* SearchResultViewController.swift in Sources */,
				0406E45C2BB17E1F00E27BE3 /* PostViewController.swift in Sources */,
			);
			runOnlyForDeploymentPostprocessing = 0;
		};
/* End PBXSourcesBuildPhase section */

/* Begin PBXVariantGroup section */
		0406E4332BB17B8F00E27BE3 /* Main.storyboard */ = {
			isa = PBXVariantGroup;
			children = (
				0406E4342BB17B8F00E27BE3 /* Base */,
			);
			name = Main.storyboard;
			sourceTree = "<group>";
		};
		0406E43B2BB17B9100E27BE3 /* LaunchScreen.storyboard */ = {
			isa = PBXVariantGroup;
			children = (
				0406E43C2BB17B9100E27BE3 /* Base */,
			);
			name = LaunchScreen.storyboard;
			sourceTree = "<group>";
		};
/* End PBXVariantGroup section */

/* Begin XCBuildConfiguration section */
		0406E43F2BB17B9100E27BE3 /* Debug */ = {
			isa = XCBuildConfiguration;
			buildSettings = {
				ALWAYS_SEARCH_USER_PATHS = NO;
				CLANG_ANALYZER_NONNULL = YES;
				CLANG_ANALYZER_NUMBER_OBJECT_CONVERSION = YES_AGGRESSIVE;
				CLANG_CXX_LANGUAGE_STANDARD = "gnu++20";
				CLANG_ENABLE_MODULES = YES;
				CLANG_ENABLE_OBJC_ARC = YES;
				CLANG_ENABLE_OBJC_WEAK = YES;
				CLANG_WARN_BLOCK_CAPTURE_AUTORELEASING = YES;
				CLANG_WARN_BOOL_CONVERSION = YES;
				CLANG_WARN_COMMA = YES;
				CLANG_WARN_CONSTANT_CONVERSION = YES;
				CLANG_WARN_DEPRECATED_OBJC_IMPLEMENTATIONS = YES;
				CLANG_WARN_DIRECT_OBJC_ISA_USAGE = YES_ERROR;
				CLANG_WARN_DOCUMENTATION_COMMENTS = YES;
				CLANG_WARN_EMPTY_BODY = YES;
				CLANG_WARN_ENUM_CONVERSION = YES;
				CLANG_WARN_INFINITE_RECURSION = YES;
				CLANG_WARN_INT_CONVERSION = YES;
				CLANG_WARN_NON_LITERAL_NULL_CONVERSION = YES;
				CLANG_WARN_OBJC_IMPLICIT_RETAIN_SELF = YES;
				CLANG_WARN_OBJC_LITERAL_CONVERSION = YES;
				CLANG_WARN_OBJC_ROOT_CLASS = YES_ERROR;
				CLANG_WARN_QUOTED_INCLUDE_IN_FRAMEWORK_HEADER = YES;
				CLANG_WARN_RANGE_LOOP_ANALYSIS = YES;
				CLANG_WARN_STRICT_PROTOTYPES = YES;
				CLANG_WARN_SUSPICIOUS_MOVE = YES;
				CLANG_WARN_UNGUARDED_AVAILABILITY = YES_AGGRESSIVE;
				CLANG_WARN_UNREACHABLE_CODE = YES;
				CLANG_WARN__DUPLICATE_METHOD_MATCH = YES;
				COPY_PHASE_STRIP = NO;
				DEBUG_INFORMATION_FORMAT = dwarf;
				ENABLE_STRICT_OBJC_MSGSEND = YES;
				ENABLE_TESTABILITY = YES;
				GCC_C_LANGUAGE_STANDARD = gnu11;
				GCC_DYNAMIC_NO_PIC = NO;
				GCC_NO_COMMON_BLOCKS = YES;
				GCC_OPTIMIZATION_LEVEL = 0;
				GCC_PREPROCESSOR_DEFINITIONS = (
					"DEBUG=1",
					"$(inherited)",
				);
				GCC_WARN_64_TO_32_BIT_CONVERSION = YES;
				GCC_WARN_ABOUT_RETURN_TYPE = YES_ERROR;
				GCC_WARN_UNDECLARED_SELECTOR = YES;
				GCC_WARN_UNINITIALIZED_AUTOS = YES_AGGRESSIVE;
				GCC_WARN_UNUSED_FUNCTION = YES;
				GCC_WARN_UNUSED_VARIABLE = YES;
				IPHONEOS_DEPLOYMENT_TARGET = 16.4;
				MTL_ENABLE_DEBUG_INFO = INCLUDE_SOURCE;
				MTL_FAST_MATH = YES;
				ONLY_ACTIVE_ARCH = YES;
				SDKROOT = iphoneos;
				SWIFT_ACTIVE_COMPILATION_CONDITIONS = DEBUG;
				SWIFT_OPTIMIZATION_LEVEL = "-Onone";
			};
			name = Debug;
		};
		0406E4402BB17B9100E27BE3 /* Release */ = {
			isa = XCBuildConfiguration;
			buildSettings = {
				ALWAYS_SEARCH_USER_PATHS = NO;
				CLANG_ANALYZER_NONNULL = YES;
				CLANG_ANALYZER_NUMBER_OBJECT_CONVERSION = YES_AGGRESSIVE;
				CLANG_CXX_LANGUAGE_STANDARD = "gnu++20";
				CLANG_ENABLE_MODULES = YES;
				CLANG_ENABLE_OBJC_ARC = YES;
				CLANG_ENABLE_OBJC_WEAK = YES;
				CLANG_WARN_BLOCK_CAPTURE_AUTORELEASING = YES;
				CLANG_WARN_BOOL_CONVERSION = YES;
				CLANG_WARN_COMMA = YES;
				CLANG_WARN_CONSTANT_CONVERSION = YES;
				CLANG_WARN_DEPRECATED_OBJC_IMPLEMENTATIONS = YES;
				CLANG_WARN_DIRECT_OBJC_ISA_USAGE = YES_ERROR;
				CLANG_WARN_DOCUMENTATION_COMMENTS = YES;
				CLANG_WARN_EMPTY_BODY = YES;
				CLANG_WARN_ENUM_CONVERSION = YES;
				CLANG_WARN_INFINITE_RECURSION = YES;
				CLANG_WARN_INT_CONVERSION = YES;
				CLANG_WARN_NON_LITERAL_NULL_CONVERSION = YES;
				CLANG_WARN_OBJC_IMPLICIT_RETAIN_SELF = YES;
				CLANG_WARN_OBJC_LITERAL_CONVERSION = YES;
				CLANG_WARN_OBJC_ROOT_CLASS = YES_ERROR;
				CLANG_WARN_QUOTED_INCLUDE_IN_FRAMEWORK_HEADER = YES;
				CLANG_WARN_RANGE_LOOP_ANALYSIS = YES;
				CLANG_WARN_STRICT_PROTOTYPES = YES;
				CLANG_WARN_SUSPICIOUS_MOVE = YES;
				CLANG_WARN_UNGUARDED_AVAILABILITY = YES_AGGRESSIVE;
				CLANG_WARN_UNREACHABLE_CODE = YES;
				CLANG_WARN__DUPLICATE_METHOD_MATCH = YES;
				COPY_PHASE_STRIP = NO;
				DEBUG_INFORMATION_FORMAT = "dwarf-with-dsym";
				ENABLE_NS_ASSERTIONS = NO;
				ENABLE_STRICT_OBJC_MSGSEND = YES;
				GCC_C_LANGUAGE_STANDARD = gnu11;
				GCC_NO_COMMON_BLOCKS = YES;
				GCC_WARN_64_TO_32_BIT_CONVERSION = YES;
				GCC_WARN_ABOUT_RETURN_TYPE = YES_ERROR;
				GCC_WARN_UNDECLARED_SELECTOR = YES;
				GCC_WARN_UNINITIALIZED_AUTOS = YES_AGGRESSIVE;
				GCC_WARN_UNUSED_FUNCTION = YES;
				GCC_WARN_UNUSED_VARIABLE = YES;
				IPHONEOS_DEPLOYMENT_TARGET = 16.4;
				MTL_ENABLE_DEBUG_INFO = NO;
				MTL_FAST_MATH = YES;
				SDKROOT = iphoneos;
				SWIFT_COMPILATION_MODE = wholemodule;
				SWIFT_OPTIMIZATION_LEVEL = "-O";
				VALIDATE_PRODUCT = YES;
			};
			name = Release;
		};
		0406E4422BB17B9100E27BE3 /* Debug */ = {
			isa = XCBuildConfiguration;
			buildSettings = {
				ASSETCATALOG_COMPILER_APPICON_NAME = AppIcon;
				ASSETCATALOG_COMPILER_GLOBAL_ACCENT_COLOR_NAME = AccentColor;
				CODE_SIGN_STYLE = Automatic;
				CURRENT_PROJECT_VERSION = 1;
				DEVELOPMENT_TEAM = ARMM6255RH;
				GENERATE_INFOPLIST_FILE = YES;
				INFOPLIST_FILE = Instagram/Info.plist;
				INFOPLIST_KEY_UIApplicationSupportsIndirectInputEvents = YES;
				INFOPLIST_KEY_UILaunchStoryboardName = LaunchScreen;
				INFOPLIST_KEY_UIMainStoryboardFile = Main;
				INFOPLIST_KEY_UISupportedInterfaceOrientations_iPad = "UIInterfaceOrientationPortrait UIInterfaceOrientationPortraitUpsideDown UIInterfaceOrientationLandscapeLeft UIInterfaceOrientationLandscapeRight";
				INFOPLIST_KEY_UISupportedInterfaceOrientations_iPhone = "UIInterfaceOrientationPortrait UIInterfaceOrientationLandscapeLeft UIInterfaceOrientationLandscapeRight";
				LD_RUNPATH_SEARCH_PATHS = (
					"$(inherited)",
					"@executable_path/Frameworks",
				);
				MARKETING_VERSION = 1.0;
				PRODUCT_BUNDLE_IDENTIFIER = dev.msd99.Instagram;
				PRODUCT_NAME = "$(TARGET_NAME)";
				SWIFT_EMIT_LOC_STRINGS = YES;
				SWIFT_VERSION = 5.0;
				TARGETED_DEVICE_FAMILY = "1,2";
			};
			name = Debug;
		};
		0406E4432BB17B9100E27BE3 /* Release */ = {
			isa = XCBuildConfiguration;
			buildSettings = {
				ASSETCATALOG_COMPILER_APPICON_NAME = AppIcon;
				ASSETCATALOG_COMPILER_GLOBAL_ACCENT_COLOR_NAME = AccentColor;
				CODE_SIGN_STYLE = Automatic;
				CURRENT_PROJECT_VERSION = 1;
				DEVELOPMENT_TEAM = ARMM6255RH;
				GENERATE_INFOPLIST_FILE = YES;
				INFOPLIST_FILE = Instagram/Info.plist;
				INFOPLIST_KEY_UIApplicationSupportsIndirectInputEvents = YES;
				INFOPLIST_KEY_UILaunchStoryboardName = LaunchScreen;
				INFOPLIST_KEY_UIMainStoryboardFile = Main;
				INFOPLIST_KEY_UISupportedInterfaceOrientations_iPad = "UIInterfaceOrientationPortrait UIInterfaceOrientationPortraitUpsideDown UIInterfaceOrientationLandscapeLeft UIInterfaceOrientationLandscapeRight";
				INFOPLIST_KEY_UISupportedInterfaceOrientations_iPhone = "UIInterfaceOrientationPortrait UIInterfaceOrientationLandscapeLeft UIInterfaceOrientationLandscapeRight";
				LD_RUNPATH_SEARCH_PATHS = (
					"$(inherited)",
					"@executable_path/Frameworks",
				);
				MARKETING_VERSION = 1.0;
				PRODUCT_BUNDLE_IDENTIFIER = dev.msd99.Instagram;
				PRODUCT_NAME = "$(TARGET_NAME)";
				SWIFT_EMIT_LOC_STRINGS = YES;
				SWIFT_VERSION = 5.0;
				TARGETED_DEVICE_FAMILY = "1,2";
			};
			name = Release;
		};
/* End XCBuildConfiguration section */

/* Begin XCConfigurationList section */
		0406E4252BB17B8F00E27BE3 /* Build configuration list for PBXProject "Instagram" */ = {
			isa = XCConfigurationList;
			buildConfigurations = (
				0406E43F2BB17B9100E27BE3 /* Debug */,
				0406E4402BB17B9100E27BE3 /* Release */,
			);
			defaultConfigurationIsVisible = 0;
			defaultConfigurationName = Release;
		};
		0406E4412BB17B9100E27BE3 /* Build configuration list for PBXNativeTarget "Instagram" */ = {
			isa = XCConfigurationList;
			buildConfigurations = (
				0406E4422BB17B9100E27BE3 /* Debug */,
				0406E4432BB17B9100E27BE3 /* Release */,
			);
			defaultConfigurationIsVisible = 0;
			defaultConfigurationName = Release;
		};
/* End XCConfigurationList section */

/* Begin XCVersionGroup section */
		0406E4362BB17B8F00E27BE3 /* Instagram.xcdatamodeld */ = {
			isa = XCVersionGroup;
			children = (
				0406E4372BB17B8F00E27BE3 /* Instagram.xcdatamodel */,
			);
			currentVersion = 0406E4372BB17B8F00E27BE3 /* Instagram.xcdatamodel */;
			path = Instagram.xcdatamodeld;
			sourceTree = "<group>";
			versionGroupType = wrapper.xcdatamodel;
		};
/* End XCVersionGroup section */
	};
	rootObject = 0406E4222BB17B8F00E27BE3 /* Project object */;
}
